{
    "name": "poc-using-multiple-releases",
    "version": "1.0.0",
    "lockfileVersion": 2,
    "requires": true,
    "packages": {
        "": {
            "name": "poc-using-multiple-releases",
            "version": "1.0.0",
            "license": "ISC",
            "dependencies": {
                "poc-semantic-release-ll": "^1.1.0-integration.9"
            }
        },
        "node_modules/poc-semantic-release-ll": {
            "version": "1.1.0-integration.9",
            "resolved": "https://registry.npmjs.org/poc-semantic-release-ll/-/poc-semantic-release-ll-1.1.0-integration.9.tgz",
            "integrity": "sha512-N12vJLd1vF/uERW/HptZP8UTCY7WKidgG9W8ZOYgDQTSIQJQ2h5vmkcfXYAcnEeTd5Wix77yUPufLrR2heN1Cw=="
        }
    },
    "dependencies": {
        "poc-semantic-release-ll": {
            "version": "1.1.0-integration.9",
            "resolved": "https://registry.npmjs.org/poc-semantic-release-ll/-/poc-semantic-release-ll-1.1.0-integration.9.tgz",
            "integrity": "sha512-N12vJLd1vF/uERW/HptZP8UTCY7WKidgG9W8ZOYgDQTSIQJQ2h5vmkcfXYAcnEeTd5Wix77yUPufLrR2heN1Cw=="
        }
    }
}
