{
  "name": "poc-using-multiple-releases",
  "version": "1.0.0",
  "lockfileVersion": 2,
  "requires": true,
  "packages": {
    "": {
      "name": "poc-using-multiple-releases",
      "version": "1.0.0",
      "license": "ISC",
      "dependencies": {
        "poc-semantic-release-ll": "^1.2.0"
      }
    },
    "node_modules/poc-semantic-release-ll": {
      "version": "1.2.0",
      "resolved": "https://registry.npmjs.org/poc-semantic-release-ll/-/poc-semantic-release-ll-1.2.0.tgz",
      "integrity": "sha512-NOZz45oQQ+PdJXMDmuvYvUp0vQaPF0Z1vrbI2KM/lmv6/oUkRz3eIv+K0Rq1WvmdLkHj++jBL33kEARerN9hLw=="
    }
  },
  "dependencies": {
    "poc-semantic-release-ll": {
      "version": "1.2.0",
      "resolved": "https://registry.npmjs.org/poc-semantic-release-ll/-/poc-semantic-release-ll-1.2.0.tgz",
      "integrity": "sha512-NOZz45oQQ+PdJXMDmuvYvUp0vQaPF0Z1vrbI2KM/lmv6/oUkRz3eIv+K0Rq1WvmdLkHj++jBL33kEARerN9hLw=="
    }
  }
}
