{
    "name": "poc-using-multiple-releases",
    "version": "1.0.0",
    "lockfileVersion": 2,
    "requires": true,
    "packages": {
        "": {
            "name": "poc-using-multiple-releases",
            "version": "1.0.0",
            "license": "ISC",
            "dependencies": {
                "poc-semantic-release-ll": "^1.4.0-staging.1"
            }
        },
        "node_modules/poc-semantic-release-ll": {
            "version": "1.4.0-staging.1",
            "resolved": "https://registry.npmjs.org/poc-semantic-release-ll/-/poc-semantic-release-ll-1.4.0-staging.1.tgz",
            "integrity": "sha512-A5iXB+kM6+ZiTaVr0nbD0brLMXlkJST55IDw3rRhRnilIlUp4CtbTOHdSHm35aXFV5ScfeFrQm1mKYDGZVqyHQ=="

        }
    },
    "dependencies": {
        "poc-semantic-release-ll": {

            "version": "1.4.0-staging.1",
            "resolved": "https://registry.npmjs.org/poc-semantic-release-ll/-/poc-semantic-release-ll-1.4.0-staging.1.tgz",
            "integrity": "sha512-A5iXB+kM6+ZiTaVr0nbD0brLMXlkJST55IDw3rRhRnilIlUp4CtbTOHdSHm35aXFV5ScfeFrQm1mKYDGZVqyHQ=="

        }
    }
}
